
Microsoft Visual Studio Solution File, Format Version 12.00
# Visual Studio Version 17
VisualStudioVersion = 17.14.36518.9 d17.14
MinimumVisualStudioVersion = 10.0.40219.1
Project("{FAE04EC0-301F-11D3-BF4B-00C04F79EFBC}") = "(10) BinarySearch", "(10) BinarySearch\(10) BinarySearch.csproj", "{8B02F3E3-4C43-4D3A-A5B5-70667A9F0B5C}"
EndProject
Global
	GlobalSection(SolutionConfigurationPlatforms) = preSolution
		Debug|Any CPU = Debug|Any CPU
		Release|Any CPU = Release|Any CPU
	EndGlobalSection
	GlobalSection(ProjectConfigurationPlatforms) = postSolution
		{8B02F3E3-4C43-4D3A-A5B5-70667A9F0B5C}.Debug|Any CPU.ActiveCfg = Debug|Any CPU
		{8B02F3E3-4C43-4D3A-A5B5-70667A9F0B5C}.Debug|Any CPU.Build.0 = Debug|Any CPU
		{8B02F3E3-4C43-4D3A-A5B5-70667A9F0B5C}.Release|Any CPU.ActiveCfg = Release|Any CPU
		{8B02F3E3-4C43-4D3A-A5B5-70667A9F0B5C}.Release|Any CPU.Build.0 = Release|Any CPU
	EndGlobalSection
	GlobalSection(SolutionProperties) = preSolution
		HideSolutionNode = FALSE
	EndGlobalSection
	GlobalSection(ExtensibilityGlobals) = postSolution
		SolutionGuid = {44392002-43F3-4927-BCCB-9B008D635379}
	EndGlobalSection
EndGlobal
