
Microsoft Visual Studio Solution File, Format Version 12.00
# Visual Studio Version 17
VisualStudioVersion = 17.14.36518.9 d17.14
MinimumVisualStudioVersion = 10.0.40219.1
Project("{FAE04EC0-301F-11D3-BF4B-00C04F79EFBC}") = "(16) VectorCommonDivisor", "(16) VectorCommonDivisor\(16) VectorCommonDivisor.csproj", "{273689A1-7529-40AA-AC23-FE5F39EAF5BF}"
EndProject
Global
	GlobalSection(SolutionConfigurationPlatforms) = preSolution
		Debug|Any CPU = Debug|Any CPU
		Release|Any CPU = Release|Any CPU
	EndGlobalSection
	GlobalSection(ProjectConfigurationPlatforms) = postSolution
		{273689A1-7529-40AA-AC23-FE5F39EAF5BF}.Debug|Any CPU.ActiveCfg = Debug|Any CPU
		{273689A1-7529-40AA-AC23-FE5F39EAF5BF}.Debug|Any CPU.Build.0 = Debug|Any CPU
		{273689A1-7529-40AA-AC23-FE5F39EAF5BF}.Release|Any CPU.ActiveCfg = Release|Any CPU
		{273689A1-7529-40AA-AC23-FE5F39EAF5BF}.Release|Any CPU.Build.0 = Release|Any CPU
	EndGlobalSection
	GlobalSection(SolutionProperties) = preSolution
		HideSolutionNode = FALSE
	EndGlobalSection
	GlobalSection(ExtensibilityGlobals) = postSolution
		SolutionGuid = {9887F63D-1BAA-4FD0-90DE-6482ED30329F}
	EndGlobalSection
EndGlobal
