
Microsoft Visual Studio Solution File, Format Version 12.00
# Visual Studio Version 17
VisualStudioVersion = 17.14.36518.9 d17.14
MinimumVisualStudioVersion = 10.0.40219.1
Project("{FAE04EC0-301F-11D3-BF4B-00C04F79EFBC}") = "(30) BiCritSort", "(30) BiCritSort\(30) BiCritSort.csproj", "{23129466-F3CD-40B0-ACF4-4E3DD40FB32F}"
EndProject
Global
	GlobalSection(SolutionConfigurationPlatforms) = preSolution
		Debug|Any CPU = Debug|Any CPU
		Release|Any CPU = Release|Any CPU
	EndGlobalSection
	GlobalSection(ProjectConfigurationPlatforms) = postSolution
		{23129466-F3CD-40B0-ACF4-4E3DD40FB32F}.Debug|Any CPU.ActiveCfg = Debug|Any CPU
		{23129466-F3CD-40B0-ACF4-4E3DD40FB32F}.Debug|Any CPU.Build.0 = Debug|Any CPU
		{23129466-F3CD-40B0-ACF4-4E3DD40FB32F}.Release|Any CPU.ActiveCfg = Release|Any CPU
		{23129466-F3CD-40B0-ACF4-4E3DD40FB32F}.Release|Any CPU.Build.0 = Release|Any CPU
	EndGlobalSection
	GlobalSection(SolutionProperties) = preSolution
		HideSolutionNode = FALSE
	EndGlobalSection
	GlobalSection(ExtensibilityGlobals) = postSolution
		SolutionGuid = {14682D8B-A3A7-4EF9-9F76-CDB631579D5A}
	EndGlobalSection
EndGlobal
